
Microsoft Visual Studio Solution File, Format Version 12.00
# Visual Studio Version 17
VisualStudioVersion = 17.9.34622.214
MinimumVisualStudioVersion = 10.0.40219.1
Project("{888888A0-9F3D-457C-B088-3A5042F75D52}") = "A", "A.pyproj", "{B9B537FB-9787-4E9A-BB80-61C23CDF947C}"
EndProject
Global
	GlobalSection(SolutionConfigurationPlatforms) = preSolution
		Debug|Any CPU = Debug|Any CPU
		Release|Any CPU = Release|Any CPU
	EndGlobalSection
	GlobalSection(ProjectConfigurationPlatforms) = postSolution
		{B9B537FB-9787-4E9A-BB80-61C23CDF947C}.Debug|Any CPU.ActiveCfg = Debug|Any CPU
		{B9B537FB-9787-4E9A-BB80-61C23CDF947C}.Release|Any CPU.ActiveCfg = Release|Any CPU
	EndGlobalSection
	GlobalSection(SolutionProperties) = preSolution
		HideSolutionNode = FALSE
	EndGlobalSection
	GlobalSection(ExtensibilityGlobals) = postSolution
		SolutionGuid = {FF63856B-6225-4DAE-AFE6-82523E0618CB}
	EndGlobalSection
EndGlobal
